
Microsoft Visual Studio Solution File, Format Version 12.00
# Visual Studio Version 16
VisualStudioVersion = 16.0.33801.447
MinimumVisualStudioVersion = 10.0.40219.1
Project("{9A19103F-16F7-4668-BE54-9A1E7A4F7556}") = "ClassStructEnum", "ClassStructEnum\ClassStructEnum.csproj", "{DCEA6B99-720D-464E-ADB7-F23F926E669A}"
EndProject
Project("{FAE04EC0-301F-11D3-BF4B-00C04F79EFBC}") = "TemporaryXyita", "TemporaryXyita\TemporaryXyita.csproj", "{D9BE5498-46C2-4DA3-B030-D5063AD16240}"
EndProject
Global
	GlobalSection(SolutionConfigurationPlatforms) = preSolution
		Debug|Any CPU = Debug|Any CPU
		Release|Any CPU = Release|Any CPU
	EndGlobalSection
	GlobalSection(ProjectConfigurationPlatforms) = postSolution
		{DCEA6B99-720D-464E-ADB7-F23F926E669A}.Debug|Any CPU.ActiveCfg = Debug|Any CPU
		{DCEA6B99-720D-464E-ADB7-F23F926E669A}.Debug|Any CPU.Build.0 = Debug|Any CPU
		{DCEA6B99-720D-464E-ADB7-F23F926E669A}.Release|Any CPU.ActiveCfg = Release|Any CPU
		{DCEA6B99-720D-464E-ADB7-F23F926E669A}.Release|Any CPU.Build.0 = Release|Any CPU
		{D9BE5498-46C2-4DA3-B030-D5063AD16240}.Debug|Any CPU.ActiveCfg = Debug|Any CPU
		{D9BE5498-46C2-4DA3-B030-D5063AD16240}.Debug|Any CPU.Build.0 = Debug|Any CPU
		{D9BE5498-46C2-4DA3-B030-D5063AD16240}.Release|Any CPU.ActiveCfg = Release|Any CPU
		{D9BE5498-46C2-4DA3-B030-D5063AD16240}.Release|Any CPU.Build.0 = Release|Any CPU
	EndGlobalSection
	GlobalSection(SolutionProperties) = preSolution
		HideSolutionNode = FALSE
	EndGlobalSection
	GlobalSection(ExtensibilityGlobals) = postSolution
		SolutionGuid = {41FABEA1-E50E-4940-B5BE-051A94F918FB}
	EndGlobalSection
EndGlobal
